// !$*UTF8*$!
{
	archiveVersion = 1;
	classes = {
	};
	objectVersion = 46;
	objects = {

/* Begin PBXBuildFile section */
		178203DF41B42BC979517F61 /* Pods_iTunesTopChart.framework in Frameworks */ = {isa = PBXBuildFile; fileRef = 79F064C0046E6A352B118D90 /* Pods_iTunesTopChart.framework */; };
		680E5B161E2D88AC009ECE9D /* Entry.swift in Sources */ = {isa = PBXBuildFile; fileRef = 680E5B151E2D88AC009ECE9D /* Entry.swift */; };
		681D8F801E2DC7B4001A8A63 /* WebServiceManger.swift in Sources */ = {isa = PBXBuildFile; fileRef = 681D8F7F1E2DC7B4001A8A63 /* WebServiceManger.swift */; };
		681D8F821E2DC885001A8A63 /* ServicesURLs.swift in Sources */ = {isa = PBXBuildFile; fileRef = 681D8F811E2DC885001A8A63 /* ServicesURLs.swift */; };
		681D8F841E2DCE41001A8A63 /* TableView.swift in Sources */ = {isa = PBXBuildFile; fileRef = 681D8F831E2DCE40001A8A63 /* TableView.swift */; };
		68226F531E300E3D003EC294 /* NetWorkAvailability.swift in Sources */ = {isa = PBXBuildFile; fileRef = 68226F521E300E3D003EC294 /* NetWorkAvailability.swift */; };
		68226F551E3013EE003EC294 /* PhotoSliderViewController.swift in Sources */ = {isa = PBXBuildFile; fileRef = 68226F541E3013EE003EC294 /* PhotoSliderViewController.swift */; };
		6840C7EB1E2DD3AD0071EB85 /* TableViewCell.swift in Sources */ = {isa = PBXBuildFile; fileRef = 6840C7EA1E2DD3AD0071EB85 /* TableViewCell.swift */; };
		684D3ED81E33F74A002A1D87 /* DBManger.swift in Sources */ = {isa = PBXBuildFile; fileRef = 684D3ED71E33F74A002A1D87 /* DBManger.swift */; };
		684D3EDA1E3407FB002A1D87 /* DatabaseController.swift in Sources */ = {isa = PBXBuildFile; fileRef = 684D3ED91E3407FB002A1D87 /* DatabaseController.swift */; };
		684D3EF11E341BEC002A1D87 /* Tones+CoreDataClass.swift in Sources */ = {isa = PBXBuildFile; fileRef = 684D3EEF1E341BEC002A1D87 /* Tones+CoreDataClass.swift */; };
		684D3EF21E341BEC002A1D87 /* Tones+CoreDataProperties.swift in Sources */ = {isa = PBXBuildFile; fileRef = 684D3EF01E341BEC002A1D87 /* Tones+CoreDataProperties.swift */; };
		685BFD141E2D812F0085B610 /* AppDelegate.swift in Sources */ = {isa = PBXBuildFile; fileRef = 685BFD131E2D812F0085B610 /* AppDelegate.swift */; };
		685BFD191E2D812F0085B610 /* Main.storyboard in Resources */ = {isa = PBXBuildFile; fileRef = 685BFD171E2D812F0085B610 /* Main.storyboard */; };
		685BFD1C1E2D812F0085B610 /* iTunesTopChart.xcdatamodeld in Sources */ = {isa = PBXBuildFile; fileRef = 685BFD1A1E2D812F0085B610 /* iTunesTopChart.xcdatamodeld */; };
		685BFD1E1E2D81300085B610 /* Assets.xcassets in Resources */ = {isa = PBXBuildFile; fileRef = 685BFD1D1E2D812F0085B610 /* Assets.xcassets */; };
		685BFD211E2D81300085B610 /* LaunchScreen.storyboard in Resources */ = {isa = PBXBuildFile; fileRef = 685BFD1F1E2D81300085B610 /* LaunchScreen.storyboard */; };
		685BFD2C1E2D81300085B610 /* iTunesTopChartTests.swift in Sources */ = {isa = PBXBuildFile; fileRef = 685BFD2B1E2D81300085B610 /* iTunesTopChartTests.swift */; };
		685BFD371E2D81300085B610 /* iTunesTopChartUITests.swift in Sources */ = {isa = PBXBuildFile; fileRef = 685BFD361E2D81300085B610 /* iTunesTopChartUITests.swift */; };
		68E4C24B1E3071AE00D23EAE /* ActivityIndicatorProtocol.swift in Sources */ = {isa = PBXBuildFile; fileRef = 68E4C24A1E3071AE00D23EAE /* ActivityIndicatorProtocol.swift */; };
		698A0393FD57834351771AAA /* Pods_iTunesTopChartTests.framework in Frameworks */ = {isa = PBXBuildFile; fileRef = 80C99B34A291C5109C0AFD18 /* Pods_iTunesTopChartTests.framework */; };
		B51C860021AF5B83C60ED437 /* Pods_iTunesTopChartUITests.framework in Frameworks */ = {isa = PBXBuildFile; fileRef = F72C508349F932F3C18DE6E4 /* Pods_iTunesTopChartUITests.framework */; };
/* End PBXBuildFile section */

/* Begin PBXContainerItemProxy section */
		685BFD281E2D81300085B610 /* PBXContainerItemProxy */ = {
			isa = PBXContainerItemProxy;
			containerPortal = 685BFD081E2D812E0085B610 /* Project object */;
			proxyType = 1;
			remoteGlobalIDString = 685BFD0F1E2D812F0085B610;
			remoteInfo = iTunesTopChart;
		};
		685BFD331E2D81300085B610 /* PBXContainerItemProxy */ = {
			isa = PBXContainerItemProxy;
			containerPortal = 685BFD081E2D812E0085B610 /* Project object */;
			proxyType = 1;
			remoteGlobalIDString = 685BFD0F1E2D812F0085B610;
			remoteInfo = iTunesTopChart;
		};
/* End PBXContainerItemProxy section */

/* Begin PBXFileReference section */
		00E1C787A29A2D53D90632C1 /* Pods-iTunesTopChart.debug.xcconfig */ = {isa = PBXFileReference; includeInIndex = 1; lastKnownFileType = text.xcconfig; name = "Pods-iTunesTopChart.debug.xcconfig"; path = "Pods/Target Support Files/Pods-iTunesTopChart/Pods-iTunesTopChart.debug.xcconfig"; sourceTree = "<group>"; };
		680E5B151E2D88AC009ECE9D /* Entry.swift */ = {isa = PBXFileReference; fileEncoding = 4; lastKnownFileType = sourcecode.swift; path = Entry.swift; sourceTree = "<group>"; };
		681D8F7F1E2DC7B4001A8A63 /* WebServiceManger.swift */ = {isa = PBXFileReference; fileEncoding = 4; lastKnownFileType = sourcecode.swift; path = WebServiceManger.swift; sourceTree = "<group>"; };
		681D8F811E2DC885001A8A63 /* ServicesURLs.swift */ = {isa = PBXFileReference; fileEncoding = 4; lastKnownFileType = sourcecode.swift; path = ServicesURLs.swift; sourceTree = "<group>"; };
		681D8F831E2DCE40001A8A63 /* TableView.swift */ = {isa = PBXFileReference; fileEncoding = 4; lastKnownFileType = sourcecode.swift; path = TableView.swift; sourceTree = "<group>"; };
		68226F521E300E3D003EC294 /* NetWorkAvailability.swift */ = {isa = PBXFileReference; fileEncoding = 4; lastKnownFileType = sourcecode.swift; path = NetWorkAvailability.swift; sourceTree = "<group>"; };
		68226F541E3013EE003EC294 /* PhotoSliderViewController.swift */ = {isa = PBXFileReference; fileEncoding = 4; lastKnownFileType = sourcecode.swift; path = PhotoSliderViewController.swift; sourceTree = "<group>"; };
		6840C7EA1E2DD3AD0071EB85 /* TableViewCell.swift */ = {isa = PBXFileReference; fileEncoding = 4; lastKnownFileType = sourcecode.swift; path = TableViewCell.swift; sourceTree = "<group>"; };
		684D3ED71E33F74A002A1D87 /* DBManger.swift */ = {isa = PBXFileReference; fileEncoding = 4; lastKnownFileType = sourcecode.swift; path = DBManger.swift; sourceTree = "<group>"; };
		684D3ED91E3407FB002A1D87 /* DatabaseController.swift */ = {isa = PBXFileReference; fileEncoding = 4; lastKnownFileType = sourcecode.swift; path = DatabaseController.swift; sourceTree = "<group>"; };
		684D3EEF1E341BEC002A1D87 /* Tones+CoreDataClass.swift */ = {isa = PBXFileReference; fileEncoding = 4; lastKnownFileType = sourcecode.swift; path = "Tones+CoreDataClass.swift"; sourceTree = "<group>"; };
		684D3EF01E341BEC002A1D87 /* Tones+CoreDataProperties.swift */ = {isa = PBXFileReference; fileEncoding = 4; lastKnownFileType = sourcecode.swift; path = "Tones+CoreDataProperties.swift"; sourceTree = "<group>"; };
		685BFD101E2D812F0085B610 /* iTunesTopChart.app */ = {isa = PBXFileReference; explicitFileType = wrapper.application; includeInIndex = 0; path = iTunesTopChart.app; sourceTree = BUILT_PRODUCTS_DIR; };
		685BFD131E2D812F0085B610 /* AppDelegate.swift */ = {isa = PBXFileReference; lastKnownFileType = sourcecode.swift; path = AppDelegate.swift; sourceTree = "<group>"; };
		685BFD181E2D812F0085B610 /* Base */ = {isa = PBXFileReference; lastKnownFileType = file.storyboard; name = Base; path = Base.lproj/Main.storyboard; sourceTree = "<group>"; };
		685BFD1B1E2D812F0085B610 /* iTunesTopChart.xcdatamodel */ = {isa = PBXFileReference; lastKnownFileType = wrapper.xcdatamodel; path = iTunesTopChart.xcdatamodel; sourceTree = "<group>"; };
		685BFD1D1E2D812F0085B610 /* Assets.xcassets */ = {isa = PBXFileReference; lastKnownFileType = folder.assetcatalog; path = Assets.xcassets; sourceTree = "<group>"; };
		685BFD201E2D81300085B610 /* Base */ = {isa = PBXFileReference; lastKnownFileType = file.storyboard; name = Base; path = Base.lproj/LaunchScreen.storyboard; sourceTree = "<group>"; };
		685BFD221E2D81300085B610 /* Info.plist */ = {isa = PBXFileReference; lastKnownFileType = text.plist.xml; path = Info.plist; sourceTree = "<group>"; };
		685BFD271E2D81300085B610 /* iTunesTopChartTests.xctest */ = {isa = PBXFileReference; explicitFileType = wrapper.cfbundle; includeInIndex = 0; path = iTunesTopChartTests.xctest; sourceTree = BUILT_PRODUCTS_DIR; };
		685BFD2B1E2D81300085B610 /* iTunesTopChartTests.swift */ = {isa = PBXFileReference; lastKnownFileType = sourcecode.swift; path = iTunesTopChartTests.swift; sourceTree = "<group>"; };
		685BFD2D1E2D81300085B610 /* Info.plist */ = {isa = PBXFileReference; lastKnownFileType = text.plist.xml; path = Info.plist; sourceTree = "<group>"; };
		685BFD321E2D81300085B610 /* iTunesTopChartUITests.xctest */ = {isa = PBXFileReference; explicitFileType = wrapper.cfbundle; includeInIndex = 0; path = iTunesTopChartUITests.xctest; sourceTree = BUILT_PRODUCTS_DIR; };
		685BFD361E2D81300085B610 /* iTunesTopChartUITests.swift */ = {isa = PBXFileReference; lastKnownFileType = sourcecode.swift; path = iTunesTopChartUITests.swift; sourceTree = "<group>"; };
		685BFD381E2D81300085B610 /* Info.plist */ = {isa = PBXFileReference; lastKnownFileType = text.plist.xml; path = Info.plist; sourceTree = "<group>"; };
		68E4C24A1E3071AE00D23EAE /* ActivityIndicatorProtocol.swift */ = {isa = PBXFileReference; fileEncoding = 4; lastKnownFileType = sourcecode.swift; path = ActivityIndicatorProtocol.swift; sourceTree = "<group>"; };
		79F064C0046E6A352B118D90 /* Pods_iTunesTopChart.framework */ = {isa = PBXFileReference; explicitFileType = wrapper.framework; includeInIndex = 0; path = Pods_iTunesTopChart.framework; sourceTree = BUILT_PRODUCTS_DIR; };
		80C99B34A291C5109C0AFD18 /* Pods_iTunesTopChartTests.framework */ = {isa = PBXFileReference; explicitFileType = wrapper.framework; includeInIndex = 0; path = Pods_iTunesTopChartTests.framework; sourceTree = BUILT_PRODUCTS_DIR; };
		8B7382265B25F538BEC5E650 /* Pods-iTunesTopChartUITests.release.xcconfig */ = {isa = PBXFileReference; includeInIndex = 1; lastKnownFileType = text.xcconfig; name = "Pods-iTunesTopChartUITests.release.xcconfig"; path = "Pods/Target Support Files/Pods-iTunesTopChartUITests/Pods-iTunesTopChartUITests.release.xcconfig"; sourceTree = "<group>"; };
		B94D8AA4E05296A682DE18C0 /* Pods-iTunesTopChartTests.debug.xcconfig */ = {isa = PBXFileReference; includeInIndex = 1; lastKnownFileType = text.xcconfig; name = "Pods-iTunesTopChartTests.debug.xcconfig"; path = "Pods/Target Support Files/Pods-iTunesTopChartTests/Pods-iTunesTopChartTests.debug.xcconfig"; sourceTree = "<group>"; };
		CCA59EBBF3C06F500156A7E4 /* Pods-iTunesTopChartUITests.debug.xcconfig */ = {isa = PBXFileReference; includeInIndex = 1; lastKnownFileType = text.xcconfig; name = "Pods-iTunesTopChartUITests.debug.xcconfig"; path = "Pods/Target Support Files/Pods-iTunesTopChartUITests/Pods-iTunesTopChartUITests.debug.xcconfig"; sourceTree = "<group>"; };
		DC6FBCF21C9A8C8A58902E65 /* Pods-iTunesTopChart.release.xcconfig */ = {isa = PBXFileReference; includeInIndex = 1; lastKnownFileType = text.xcconfig; name = "Pods-iTunesTopChart.release.xcconfig"; path = "Pods/Target Support Files/Pods-iTunesTopChart/Pods-iTunesTopChart.release.xcconfig"; sourceTree = "<group>"; };
		F72C508349F932F3C18DE6E4 /* Pods_iTunesTopChartUITests.framework */ = {isa = PBXFileReference; explicitFileType = wrapper.framework; includeInIndex = 0; path = Pods_iTunesTopChartUITests.framework; sourceTree = BUILT_PRODUCTS_DIR; };
		FC970A4FB36488CA92931BAE /* Pods-iTunesTopChartTests.release.xcconfig */ = {isa = PBXFileReference; includeInIndex = 1; lastKnownFileType = text.xcconfig; name = "Pods-iTunesTopChartTests.release.xcconfig"; path = "Pods/Target Support Files/Pods-iTunesTopChartTests/Pods-iTunesTopChartTests.release.xcconfig"; sourceTree = "<group>"; };
/* End PBXFileReference section */

/* Begin PBXFrameworksBuildPhase section */
		685BFD0D1E2D812F0085B610 /* Frameworks */ = {
			isa = PBXFrameworksBuildPhase;
			buildActionMask = 2147483647;
			files = (
				178203DF41B42BC979517F61 /* Pods_iTunesTopChart.framework in Frameworks */,
			);
			runOnlyForDeploymentPostprocessing = 0;
		};
		685BFD241E2D81300085B610 /* Frameworks */ = {
			isa = PBXFrameworksBuildPhase;
			buildActionMask = 2147483647;
			files = (
				698A0393FD57834351771AAA /* Pods_iTunesTopChartTests.framework in Frameworks */,
			);
			runOnlyForDeploymentPostprocessing = 0;
		};
		685BFD2F1E2D81300085B610 /* Frameworks */ = {
			isa = PBXFrameworksBuildPhase;
			buildActionMask = 2147483647;
			files = (
				B51C860021AF5B83C60ED437 /* Pods_iTunesTopChartUITests.framework in Frameworks */,
			);
			runOnlyForDeploymentPostprocessing = 0;
		};
/* End PBXFrameworksBuildPhase section */

/* Begin PBXGroup section */
		50387D2FE74B073EF06842B8 /* Pods */ = {
			isa = PBXGroup;
			children = (
				00E1C787A29A2D53D90632C1 /* Pods-iTunesTopChart.debug.xcconfig */,
				DC6FBCF21C9A8C8A58902E65 /* Pods-iTunesTopChart.release.xcconfig */,
				B94D8AA4E05296A682DE18C0 /* Pods-iTunesTopChartTests.debug.xcconfig */,
				FC970A4FB36488CA92931BAE /* Pods-iTunesTopChartTests.release.xcconfig */,
				CCA59EBBF3C06F500156A7E4 /* Pods-iTunesTopChartUITests.debug.xcconfig */,
				8B7382265B25F538BEC5E650 /* Pods-iTunesTopChartUITests.release.xcconfig */,
			);
			name = Pods;
			sourceTree = "<group>";
		};
		681D8F7D1E2DC77B001A8A63 /* Model */ = {
			isa = PBXGroup;
			children = (
				684D3EEF1E341BEC002A1D87 /* Tones+CoreDataClass.swift */,
				684D3EF01E341BEC002A1D87 /* Tones+CoreDataProperties.swift */,
				684D3ED91E3407FB002A1D87 /* DatabaseController.swift */,
				685BFD1A1E2D812F0085B610 /* iTunesTopChart.xcdatamodeld */,
				684D3ED71E33F74A002A1D87 /* DBManger.swift */,
			);
			name = Model;
			sourceTree = "<group>";
		};
		681D8F7E1E2DC783001A8A63 /* WebService */ = {
			isa = PBXGroup;
			children = (
				680E5B151E2D88AC009ECE9D /* Entry.swift */,
				681D8F7F1E2DC7B4001A8A63 /* WebServiceManger.swift */,
				681D8F811E2DC885001A8A63 /* ServicesURLs.swift */,
			);
			name = WebService;
			sourceTree = "<group>";
		};
		68226F501E300B00003EC294 /* Controller */ = {
			isa = PBXGroup;
			children = (
				6840C7EA1E2DD3AD0071EB85 /* TableViewCell.swift */,
				681D8F831E2DCE40001A8A63 /* TableView.swift */,
				68226F521E300E3D003EC294 /* NetWorkAvailability.swift */,
				68226F541E3013EE003EC294 /* PhotoSliderViewController.swift */,
				68E4C24A1E3071AE00D23EAE /* ActivityIndicatorProtocol.swift */,
			);
			name = Controller;
			sourceTree = "<group>";
		};
		68226F511E300B10003EC294 /* View */ = {
			isa = PBXGroup;
			children = (
				685BFD171E2D812F0085B610 /* Main.storyboard */,
				685BFD1D1E2D812F0085B610 /* Assets.xcassets */,
				685BFD1F1E2D81300085B610 /* LaunchScreen.storyboard */,
			);
			name = View;
			sourceTree = "<group>";
		};
		685BFD071E2D812E0085B610 = {
			isa = PBXGroup;
			children = (
				685BFD121E2D812F0085B610 /* iTunesTopChart */,
				685BFD2A1E2D81300085B610 /* iTunesTopChartTests */,
				685BFD351E2D81300085B610 /* iTunesTopChartUITests */,
				685BFD111E2D812F0085B610 /* Products */,
				50387D2FE74B073EF06842B8 /* Pods */,
				7AC19099DBC077129DDC0205 /* Frameworks */,
			);
			sourceTree = "<group>";
		};
		685BFD111E2D812F0085B610 /* Products */ = {
			isa = PBXGroup;
			children = (
				685BFD101E2D812F0085B610 /* iTunesTopChart.app */,
				685BFD271E2D81300085B610 /* iTunesTopChartTests.xctest */,
				685BFD321E2D81300085B610 /* iTunesTopChartUITests.xctest */,
			);
			name = Products;
			sourceTree = "<group>";
		};
		685BFD121E2D812F0085B610 /* iTunesTopChart */ = {
			isa = PBXGroup;
			children = (
				68226F511E300B10003EC294 /* View */,
				68226F501E300B00003EC294 /* Controller */,
				681D8F7E1E2DC783001A8A63 /* WebService */,
				681D8F7D1E2DC77B001A8A63 /* Model */,
				685BFD131E2D812F0085B610 /* AppDelegate.swift */,
				685BFD221E2D81300085B610 /* Info.plist */,
			);
			path = iTunesTopChart;
			sourceTree = "<group>";
		};
		685BFD2A1E2D81300085B610 /* iTunesTopChartTests */ = {
			isa = PBXGroup;
			children = (
				685BFD2B1E2D81300085B610 /* iTunesTopChartTests.swift */,
				685BFD2D1E2D81300085B610 /* Info.plist */,
			);
			path = iTunesTopChartTests;
			sourceTree = "<group>";
		};
		685BFD351E2D81300085B610 /* iTunesTopChartUITests */ = {
			isa = PBXGroup;
			children = (
				685BFD361E2D81300085B610 /* iTunesTopChartUITests.swift */,
				685BFD381E2D81300085B610 /* Info.plist */,
			);
			path = iTunesTopChartUITests;
			sourceTree = "<group>";
		};
		7AC19099DBC077129DDC0205 /* Frameworks */ = {
			isa = PBXGroup;
			children = (
				79F064C0046E6A352B118D90 /* Pods_iTunesTopChart.framework */,
				80C99B34A291C5109C0AFD18 /* Pods_iTunesTopChartTests.framework */,
				F72C508349F932F3C18DE6E4 /* Pods_iTunesTopChartUITests.framework */,
			);
			name = Frameworks;
			sourceTree = "<group>";
		};
/* End PBXGroup section */

/* Begin PBXNativeTarget section */
		685BFD0F1E2D812F0085B610 /* iTunesTopChart */ = {
			isa = PBXNativeTarget;
			buildConfigurationList = 685BFD3B1E2D81300085B610 /* Build configuration list for PBXNativeTarget "iTunesTopChart" */;
			buildPhases = (
				163E7067FBDF16BFDD8A1568 /* [CP] Check Pods Manifest.lock */,
				685BFD0C1E2D812F0085B610 /* Sources */,
				685BFD0D1E2D812F0085B610 /* Frameworks */,
				685BFD0E1E2D812F0085B610 /* Resources */,
				4AA700F78DB49D112A930FB6 /* [CP] Embed Pods Frameworks */,
				68A89534D18C1792E2EB8839 /* [CP] Copy Pods Resources */,
			);
			buildRules = (
			);
			dependencies = (
			);
			name = iTunesTopChart;
			productName = iTunesTopChart;
			productReference = 685BFD101E2D812F0085B610 /* iTunesTopChart.app */;
			productType = "com.apple.product-type.application";
		};
		685BFD261E2D81300085B610 /* iTunesTopChartTests */ = {
			isa = PBXNativeTarget;
			buildConfigurationList = 685BFD3E1E2D81300085B610 /* Build configuration list for PBXNativeTarget "iTunesTopChartTests" */;
			buildPhases = (
				FE4EE0D2DD796CBD7D18C3A1 /* [CP] Check Pods Manifest.lock */,
				685BFD231E2D81300085B610 /* Sources */,
				685BFD241E2D81300085B610 /* Frameworks */,
				685BFD251E2D81300085B610 /* Resources */,
				801DA2949E1EC9017B0A0B4D /* [CP] Embed Pods Frameworks */,
				25442C2AD930BA79F44A4A0A /* [CP] Copy Pods Resources */,
			);
			buildRules = (
			);
			dependencies = (
				685BFD291E2D81300085B610 /* PBXTargetDependency */,
			);
			name = iTunesTopChartTests;
			productName = iTunesTopChartTests;
			productReference = 685BFD271E2D81300085B610 /* iTunesTopChartTests.xctest */;
			productType = "com.apple.product-type.bundle.unit-test";
		};
		685BFD311E2D81300085B610 /* iTunesTopChartUITests */ = {
			isa = PBXNativeTarget;
			buildConfigurationList = 685BFD411E2D81300085B610 /* Build configuration list for PBXNativeTarget "iTunesTopChartUITests" */;
			buildPhases = (
				8C6841F696206AEBFCEDAD74 /* [CP] Check Pods Manifest.lock */,
				685BFD2E1E2D81300085B610 /* Sources */,
				685BFD2F1E2D81300085B610 /* Frameworks */,
				685BFD301E2D81300085B610 /* Resources */,
				06CBEE771545121A78B886F1 /* [CP] Embed Pods Frameworks */,
				A22DFA630174F42842F4ABC8 /* [CP] Copy Pods Resources */,
			);
			buildRules = (
			);
			dependencies = (
				685BFD341E2D81300085B610 /* PBXTargetDependency */,
			);
			name = iTunesTopChartUITests;
			productName = iTunesTopChartUITests;
			productReference = 685BFD321E2D81300085B610 /* iTunesTopChartUITests.xctest */;
			productType = "com.apple.product-type.bundle.ui-testing";
		};
/* End PBXNativeTarget section */

/* Begin PBXProject section */
		685BFD081E2D812E0085B610 /* Project object */ = {
			isa = PBXProject;
			attributes = {
				LastSwiftUpdateCheck = 0820;
				LastUpgradeCheck = 0820;
				ORGANIZATIONNAME = NrmeenTomoum;
				TargetAttributes = {
					685BFD0F1E2D812F0085B610 = {
						CreatedOnToolsVersion = 8.2.1;
						DevelopmentTeam = HR29LZRH2G;
						ProvisioningStyle = Automatic;
					};
					685BFD261E2D81300085B610 = {
						CreatedOnToolsVersion = 8.2.1;
						DevelopmentTeam = 2KDEH69VUR;
						ProvisioningStyle = Automatic;
						TestTargetID = 685BFD0F1E2D812F0085B610;
					};
					685BFD311E2D81300085B610 = {
						CreatedOnToolsVersion = 8.2.1;
						DevelopmentTeam = 2KDEH69VUR;
						ProvisioningStyle = Automatic;
						TestTargetID = 685BFD0F1E2D812F0085B610;
					};
				};
			};
			buildConfigurationList = 685BFD0B1E2D812E0085B610 /* Build configuration list for PBXProject "iTunesTopChart" */;
			compatibilityVersion = "Xcode 3.2";
			developmentRegion = English;
			hasScannedForEncodings = 0;
			knownRegions = (
				en,
				Base,
			);
			mainGroup = 685BFD071E2D812E0085B610;
			productRefGroup = 685BFD111E2D812F0085B610 /* Products */;
			projectDirPath = "";
			projectRoot = "";
			targets = (
				685BFD0F1E2D812F0085B610 /* iTunesTopChart */,
				685BFD261E2D81300085B610 /* iTunesTopChartTests */,
				685BFD311E2D81300085B610 /* iTunesTopChartUITests */,
			);
		};
/* End PBXProject section */

/* Begin PBXResourcesBuildPhase section */
		685BFD0E1E2D812F0085B610 /* Resources */ = {
			isa = PBXResourcesBuildPhase;
			buildActionMask = 2147483647;
			files = (
				685BFD211E2D81300085B610 /* LaunchScreen.storyboard in Resources */,
				685BFD1E1E2D81300085B610 /* Assets.xcassets in Resources */,
				685BFD191E2D812F0085B610 /* Main.storyboard in Resources */,
			);
			runOnlyForDeploymentPostprocessing = 0;
		};
		685BFD251E2D81300085B610 /* Resources */ = {
			isa = PBXResourcesBuildPhase;
			buildActionMask = 2147483647;
			files = (
			);
			runOnlyForDeploymentPostprocessing = 0;
		};
		685BFD301E2D81300085B610 /* Resources */ = {
			isa = PBXResourcesBuildPhase;
			buildActionMask = 2147483647;
			files = (
			);
			runOnlyForDeploymentPostprocessing = 0;
		};
/* End PBXResourcesBuildPhase section */

/* Begin PBXShellScriptBuildPhase section */
		06CBEE771545121A78B886F1 /* [CP] Embed Pods Frameworks */ = {
			isa = PBXShellScriptBuildPhase;
			buildActionMask = 2147483647;
			files = (
			);
			inputPaths = (
			);
			name = "[CP] Embed Pods Frameworks";
			outputPaths = (
			);
			runOnlyForDeploymentPostprocessing = 0;
			shellPath = /bin/sh;
			shellScript = "\"${SRCROOT}/Pods/Target Support Files/Pods-iTunesTopChartUITests/Pods-iTunesTopChartUITests-frameworks.sh\"\n";
			showEnvVarsInLog = 0;
		};
		163E7067FBDF16BFDD8A1568 /* [CP] Check Pods Manifest.lock */ = {
			isa = PBXShellScriptBuildPhase;
			buildActionMask = 2147483647;
			files = (
			);
			inputPaths = (
			);
			name = "[CP] Check Pods Manifest.lock";
			outputPaths = (
			);
			runOnlyForDeploymentPostprocessing = 0;
			shellPath = /bin/sh;
			shellScript = "diff \"${PODS_ROOT}/../Podfile.lock\" \"${PODS_ROOT}/Manifest.lock\" > /dev/null\nif [ $? != 0 ] ; then\n    # print error to STDERR\n    echo \"error: The sandbox is not in sync with the Podfile.lock. Run 'pod install' or update your CocoaPods installation.\" >&2\n    exit 1\nfi\n";
			showEnvVarsInLog = 0;
		};
		25442C2AD930BA79F44A4A0A /* [CP] Copy Pods Resources */ = {
			isa = PBXShellScriptBuildPhase;
			buildActionMask = 2147483647;
			files = (
			);
			inputPaths = (
			);
			name = "[CP] Copy Pods Resources";
			outputPaths = (
			);
			runOnlyForDeploymentPostprocessing = 0;
			shellPath = /bin/sh;
			shellScript = "\"${SRCROOT}/Pods/Target Support Files/Pods-iTunesTopChartTests/Pods-iTunesTopChartTests-resources.sh\"\n";
			showEnvVarsInLog = 0;
		};
		4AA700F78DB49D112A930FB6 /* [CP] Embed Pods Frameworks */ = {
			isa = PBXShellScriptBuildPhase;
			buildActionMask = 2147483647;
			files = (
			);
			inputPaths = (
			);
			name = "[CP] Embed Pods Frameworks";
			outputPaths = (
			);
			runOnlyForDeploymentPostprocessing = 0;
			shellPath = /bin/sh;
			shellScript = "\"${SRCROOT}/Pods/Target Support Files/Pods-iTunesTopChart/Pods-iTunesTopChart-frameworks.sh\"\n";
			showEnvVarsInLog = 0;
		};
		68A89534D18C1792E2EB8839 /* [CP] Copy Pods Resources */ = {
			isa = PBXShellScriptBuildPhase;
			buildActionMask = 2147483647;
			files = (
			);
			inputPaths = (
			);
			name = "[CP] Copy Pods Resources";
			outputPaths = (
			);
			runOnlyForDeploymentPostprocessing = 0;
			shellPath = /bin/sh;
			shellScript = "\"${SRCROOT}/Pods/Target Support Files/Pods-iTunesTopChart/Pods-iTunesTopChart-resources.sh\"\n";
			showEnvVarsInLog = 0;
		};
		801DA2949E1EC9017B0A0B4D /* [CP] Embed Pods Frameworks */ = {
			isa = PBXShellScriptBuildPhase;
			buildActionMask = 2147483647;
			files = (
			);
			inputPaths = (
			);
			name = "[CP] Embed Pods Frameworks";
			outputPaths = (
			);
			runOnlyForDeploymentPostprocessing = 0;
			shellPath = /bin/sh;
			shellScript = "\"${SRCROOT}/Pods/Target Support Files/Pods-iTunesTopChartTests/Pods-iTunesTopChartTests-frameworks.sh\"\n";
			showEnvVarsInLog = 0;
		};
		8C6841F696206AEBFCEDAD74 /* [CP] Check Pods Manifest.lock */ = {
			isa = PBXShellScriptBuildPhase;
			buildActionMask = 2147483647;
			files = (
			);
			inputPaths = (
			);
			name = "[CP] Check Pods Manifest.lock";
			outputPaths = (
			);
			runOnlyForDeploymentPostprocessing = 0;
			shellPath = /bin/sh;
			shellScript = "diff \"${PODS_ROOT}/../Podfile.lock\" \"${PODS_ROOT}/Manifest.lock\" > /dev/null\nif [ $? != 0 ] ; then\n    # print error to STDERR\n    echo \"error: The sandbox is not in sync with the Podfile.lock. Run 'pod install' or update your CocoaPods installation.\" >&2\n    exit 1\nfi\n";
			showEnvVarsInLog = 0;
		};
		A22DFA630174F42842F4ABC8 /* [CP] Copy Pods Resources */ = {
			isa = PBXShellScriptBuildPhase;
			buildActionMask = 2147483647;
			files = (
			);
			inputPaths = (
			);
			name = "[CP] Copy Pods Resources";
			outputPaths = (
			);
			runOnlyForDeploymentPostprocessing = 0;
			shellPath = /bin/sh;
			shellScript = "\"${SRCROOT}/Pods/Target Support Files/Pods-iTunesTopChartUITests/Pods-iTunesTopChartUITests-resources.sh\"\n";
			showEnvVarsInLog = 0;
		};
		FE4EE0D2DD796CBD7D18C3A1 /* [CP] Check Pods Manifest.lock */ = {
			isa = PBXShellScriptBuildPhase;
			buildActionMask = 2147483647;
			files = (
			);
			inputPaths = (
			);
			name = "[CP] Check Pods Manifest.lock";
			outputPaths = (
			);
			runOnlyForDeploymentPostprocessing = 0;
			shellPath = /bin/sh;
			shellScript = "diff \"${PODS_ROOT}/../Podfile.lock\" \"${PODS_ROOT}/Manifest.lock\" > /dev/null\nif [ $? != 0 ] ; then\n    # print error to STDERR\n    echo \"error: The sandbox is not in sync with the Podfile.lock. Run 'pod install' or update your CocoaPods installation.\" >&2\n    exit 1\nfi\n";
			showEnvVarsInLog = 0;
		};
/* End PBXShellScriptBuildPhase section */

/* Begin PBXSourcesBuildPhase section */
		685BFD0C1E2D812F0085B610 /* Sources */ = {
			isa = PBXSourcesBuildPhase;
			buildActionMask = 2147483647;
			files = (
				685BFD1C1E2D812F0085B610 /* iTunesTopChart.xcdatamodeld in Sources */,
				684D3EF21E341BEC002A1D87 /* Tones+CoreDataProperties.swift in Sources */,
				68226F531E300E3D003EC294 /* NetWorkAvailability.swift in Sources */,
				684D3ED81E33F74A002A1D87 /* DBManger.swift in Sources */,
				6840C7EB1E2DD3AD0071EB85 /* TableViewCell.swift in Sources */,
				680E5B161E2D88AC009ECE9D /* Entry.swift in Sources */,
				68E4C24B1E3071AE00D23EAE /* ActivityIndicatorProtocol.swift in Sources */,
				681D8F841E2DCE41001A8A63 /* TableView.swift in Sources */,
				684D3EF11E341BEC002A1D87 /* Tones+CoreDataClass.swift in Sources */,
				685BFD141E2D812F0085B610 /* AppDelegate.swift in Sources */,
				684D3EDA1E3407FB002A1D87 /* DatabaseController.swift in Sources */,
				681D8F801E2DC7B4001A8A63 /* WebServiceManger.swift in Sources */,
				68226F551E3013EE003EC294 /* PhotoSliderViewController.swift in Sources */,
				681D8F821E2DC885001A8A63 /* ServicesURLs.swift in Sources */,
			);
			runOnlyForDeploymentPostprocessing = 0;
		};
		685BFD231E2D81300085B610 /* Sources */ = {
			isa = PBXSourcesBuildPhase;
			buildActionMask = 2147483647;
			files = (
				685BFD2C1E2D81300085B610 /* iTunesTopChartTests.swift in Sources */,
			);
			runOnlyForDeploymentPostprocessing = 0;
		};
		685BFD2E1E2D81300085B610 /* Sources */ = {
			isa = PBXSourcesBuildPhase;
			buildActionMask = 2147483647;
			files = (
				685BFD371E2D81300085B610 /* iTunesTopChartUITests.swift in Sources */,
			);
			runOnlyForDeploymentPostprocessing = 0;
		};
/* End PBXSourcesBuildPhase section */

/* Begin PBXTargetDependency section */
		685BFD291E2D81300085B610 /* PBXTargetDependency */ = {
			isa = PBXTargetDependency;
			target = 685BFD0F1E2D812F0085B610 /* iTunesTopChart */;
			targetProxy = 685BFD281E2D81300085B610 /* PBXContainerItemProxy */;
		};
		685BFD341E2D81300085B610 /* PBXTargetDependency */ = {
			isa = PBXTargetDependency;
			target = 685BFD0F1E2D812F0085B610 /* iTunesTopChart */;
			targetProxy = 685BFD331E2D81300085B610 /* PBXContainerItemProxy */;
		};
/* End PBXTargetDependency section */

/* Begin PBXVariantGroup section */
		685BFD171E2D812F0085B610 /* Main.storyboard */ = {
			isa = PBXVariantGroup;
			children = (
				685BFD181E2D812F0085B610 /* Base */,
			);
			name = Main.storyboard;
			sourceTree = "<group>";
		};
		685BFD1F1E2D81300085B610 /* LaunchScreen.storyboard */ = {
			isa = PBXVariantGroup;
			children = (
				685BFD201E2D81300085B610 /* Base */,
			);
			name = LaunchScreen.storyboard;
			sourceTree = "<group>";
		};
/* End PBXVariantGroup section */

/* Begin XCBuildConfiguration section */
		685BFD391E2D81300085B610 /* Debug */ = {
			isa = XCBuildConfiguration;
			buildSettings = {
				ALWAYS_SEARCH_USER_PATHS = NO;
				CLANG_ANALYZER_NONNULL = YES;
				CLANG_CXX_LANGUAGE_STANDARD = "gnu++0x";
				CLANG_CXX_LIBRARY = "libc++";
				CLANG_ENABLE_MODULES = YES;
				CLANG_ENABLE_OBJC_ARC = YES;
				CLANG_WARN_BOOL_CONVERSION = YES;
				CLANG_WARN_CONSTANT_CONVERSION = YES;
				CLANG_WARN_DIRECT_OBJC_ISA_USAGE = YES_ERROR;
				CLANG_WARN_DOCUMENTATION_COMMENTS = YES;
				CLANG_WARN_EMPTY_BODY = YES;
				CLANG_WARN_ENUM_CONVERSION = YES;
				CLANG_WARN_INFINITE_RECURSION = YES;
				CLANG_WARN_INT_CONVERSION = YES;
				CLANG_WARN_OBJC_ROOT_CLASS = YES_ERROR;
				CLANG_WARN_SUSPICIOUS_MOVE = YES;
				CLANG_WARN_UNREACHABLE_CODE = YES;
				CLANG_WARN__DUPLICATE_METHOD_MATCH = YES;
				"CODE_SIGN_IDENTITY[sdk=iphoneos*]" = "iPhone Developer";
				COPY_PHASE_STRIP = NO;
				DEBUG_INFORMATION_FORMAT = dwarf;
				ENABLE_STRICT_OBJC_MSGSEND = YES;
				ENABLE_TESTABILITY = YES;
				GCC_C_LANGUAGE_STANDARD = gnu99;
				GCC_DYNAMIC_NO_PIC = NO;
				GCC_NO_COMMON_BLOCKS = YES;
				GCC_OPTIMIZATION_LEVEL = 0;
				GCC_PREPROCESSOR_DEFINITIONS = (
					"DEBUG=1",
					"$(inherited)",
				);
				GCC_WARN_64_TO_32_BIT_CONVERSION = YES;
				GCC_WARN_ABOUT_RETURN_TYPE = YES_ERROR;
				GCC_WARN_UNDECLARED_SELECTOR = YES;
				GCC_WARN_UNINITIALIZED_AUTOS = YES_AGGRESSIVE;
				GCC_WARN_UNUSED_FUNCTION = YES;
				GCC_WARN_UNUSED_VARIABLE = YES;
				IPHONEOS_DEPLOYMENT_TARGET = 10.2;
				MTL_ENABLE_DEBUG_INFO = YES;
				ONLY_ACTIVE_ARCH = YES;
				SDKROOT = iphoneos;
				SWIFT_ACTIVE_COMPILATION_CONDITIONS = DEBUG;
				SWIFT_OPTIMIZATION_LEVEL = "-Onone";
				TARGETED_DEVICE_FAMILY = "1,2";
			};
			name = Debug;
		};
		685BFD3A1E2D81300085B610 /* Release */ = {
			isa = XCBuildConfiguration;
			buildSettings = {
				ALWAYS_SEARCH_USER_PATHS = NO;
				CLANG_ANALYZER_NONNULL = YES;
				CLANG_CXX_LANGUAGE_STANDARD = "gnu++0x";
				CLANG_CXX_LIBRARY = "libc++";
				CLANG_ENABLE_MODULES = YES;
				CLANG_ENABLE_OBJC_ARC = YES;
				CLANG_WARN_BOOL_CONVERSION = YES;
				CLANG_WARN_CONSTANT_CONVERSION = YES;
				CLANG_WARN_DIRECT_OBJC_ISA_USAGE = YES_ERROR;
				CLANG_WARN_DOCUMENTATION_COMMENTS = YES;
				CLANG_WARN_EMPTY_BODY = YES;
				CLANG_WARN_ENUM_CONVERSION = YES;
				CLANG_WARN_INFINITE_RECURSION = YES;
				CLANG_WARN_INT_CONVERSION = YES;
				CLANG_WARN_OBJC_ROOT_CLASS = YES_ERROR;
				CLANG_WARN_SUSPICIOUS_MOVE = YES;
				CLANG_WARN_UNREACHABLE_CODE = YES;
				CLANG_WARN__DUPLICATE_METHOD_MATCH = YES;
				"CODE_SIGN_IDENTITY[sdk=iphoneos*]" = "iPhone Developer";
				COPY_PHASE_STRIP = NO;
				DEBUG_INFORMATION_FORMAT = "dwarf-with-dsym";
				ENABLE_NS_ASSERTIONS = NO;
				ENABLE_STRICT_OBJC_MSGSEND = YES;
				GCC_C_LANGUAGE_STANDARD = gnu99;
				GCC_NO_COMMON_BLOCKS = YES;
				GCC_WARN_64_TO_32_BIT_CONVERSION = YES;
				GCC_WARN_ABOUT_RETURN_TYPE = YES_ERROR;
				GCC_WARN_UNDECLARED_SELECTOR = YES;
				GCC_WARN_UNINITIALIZED_AUTOS = YES_AGGRESSIVE;
				GCC_WARN_UNUSED_FUNCTION = YES;
				GCC_WARN_UNUSED_VARIABLE = YES;
				IPHONEOS_DEPLOYMENT_TARGET = 10.2;
				MTL_ENABLE_DEBUG_INFO = NO;
				SDKROOT = iphoneos;
				SWIFT_OPTIMIZATION_LEVEL = "-Owholemodule";
				TARGETED_DEVICE_FAMILY = "1,2";
				VALIDATE_PRODUCT = YES;
			};
			name = Release;
		};
		685BFD3C1E2D81300085B610 /* Debug */ = {
			isa = XCBuildConfiguration;
			baseConfigurationReference = 00E1C787A29A2D53D90632C1 /* Pods-iTunesTopChart.debug.xcconfig */;
			buildSettings = {
				ASSETCATALOG_COMPILER_APPICON_NAME = AppIcon;
				DEVELOPMENT_TEAM = HR29LZRH2G;
				INFOPLIST_FILE = iTunesTopChart/Info.plist;
				LD_RUNPATH_SEARCH_PATHS = "$(inherited) @executable_path/Frameworks";
				PRODUCT_BUNDLE_IDENTIFIER = NTG.iOS.Task.iTunesTopChart;
				PRODUCT_NAME = "$(TARGET_NAME)";
				SWIFT_VERSION = 3.0;
			};
			name = Debug;
		};
		685BFD3D1E2D81300085B610 /* Release */ = {
			isa = XCBuildConfiguration;
			baseConfigurationReference = DC6FBCF21C9A8C8A58902E65 /* Pods-iTunesTopChart.release.xcconfig */;
			buildSettings = {
				ASSETCATALOG_COMPILER_APPICON_NAME = AppIcon;
				DEVELOPMENT_TEAM = HR29LZRH2G;
				INFOPLIST_FILE = iTunesTopChart/Info.plist;
				LD_RUNPATH_SEARCH_PATHS = "$(inherited) @executable_path/Frameworks";
				PRODUCT_BUNDLE_IDENTIFIER = NTG.iOS.Task.iTunesTopChart;
				PRODUCT_NAME = "$(TARGET_NAME)";
				SWIFT_VERSION = 3.0;
			};
			name = Release;
		};
		685BFD3F1E2D81300085B610 /* Debug */ = {
			isa = XCBuildConfiguration;
			baseConfigurationReference = B94D8AA4E05296A682DE18C0 /* Pods-iTunesTopChartTests.debug.xcconfig */;
			buildSettings = {
				ALWAYS_EMBED_SWIFT_STANDARD_LIBRARIES = YES;
				BUNDLE_LOADER = "$(TEST_HOST)";
				DEVELOPMENT_TEAM = 2KDEH69VUR;
				INFOPLIST_FILE = iTunesTopChartTests/Info.plist;
				LD_RUNPATH_SEARCH_PATHS = "$(inherited) @executable_path/Frameworks @loader_path/Frameworks";
				PRODUCT_BUNDLE_IDENTIFIER = NTG.iOS.Task.iTunesTopChartTests;
				PRODUCT_NAME = "$(TARGET_NAME)";
				SWIFT_VERSION = 3.0;
				TEST_HOST = "$(BUILT_PRODUCTS_DIR)/iTunesTopChart.app/iTunesTopChart";
			};
			name = Debug;
		};
		685BFD401E2D81300085B610 /* Release */ = {
			isa = XCBuildConfiguration;
			baseConfigurationReference = FC970A4FB36488CA92931BAE /* Pods-iTunesTopChartTests.release.xcconfig */;
			buildSettings = {
				ALWAYS_EMBED_SWIFT_STANDARD_LIBRARIES = YES;
				BUNDLE_LOADER = "$(TEST_HOST)";
				DEVELOPMENT_TEAM = 2KDEH69VUR;
				INFOPLIST_FILE = iTunesTopChartTests/Info.plist;
				LD_RUNPATH_SEARCH_PATHS = "$(inherited) @executable_path/Frameworks @loader_path/Frameworks";
				PRODUCT_BUNDLE_IDENTIFIER = NTG.iOS.Task.iTunesTopChartTests;
				PRODUCT_NAME = "$(TARGET_NAME)";
				SWIFT_VERSION = 3.0;
				TEST_HOST = "$(BUILT_PRODUCTS_DIR)/iTunesTopChart.app/iTunesTopChart";
			};
			name = Release;
		};
		685BFD421E2D81300085B610 /* Debug */ = {
			isa = XCBuildConfiguration;
			baseConfigurationReference = CCA59EBBF3C06F500156A7E4 /* Pods-iTunesTopChartUITests.debug.xcconfig */;
			buildSettings = {
				ALWAYS_EMBED_SWIFT_STANDARD_LIBRARIES = YES;
				DEVELOPMENT_TEAM = 2KDEH69VUR;
				INFOPLIST_FILE = iTunesTopChartUITests/Info.plist;
				LD_RUNPATH_SEARCH_PATHS = "$(inherited) @executable_path/Frameworks @loader_path/Frameworks";
				PRODUCT_BUNDLE_IDENTIFIER = NTG.iOS.Task.iTunesTopChartUITests;
				PRODUCT_NAME = "$(TARGET_NAME)";
				SWIFT_VERSION = 3.0;
				TEST_TARGET_NAME = iTunesTopChart;
			};
			name = Debug;
		};
		685BFD431E2D81300085B610 /* Release */ = {
			isa = XCBuildConfiguration;
			baseConfigurationReference = 8B7382265B25F538BEC5E650 /* Pods-iTunesTopChartUITests.release.xcconfig */;
			buildSettings = {
				ALWAYS_EMBED_SWIFT_STANDARD_LIBRARIES = YES;
				DEVELOPMENT_TEAM = 2KDEH69VUR;
				INFOPLIST_FILE = iTunesTopChartUITests/Info.plist;
				LD_RUNPATH_SEARCH_PATHS = "$(inherited) @executable_path/Frameworks @loader_path/Frameworks";
				PRODUCT_BUNDLE_IDENTIFIER = NTG.iOS.Task.iTunesTopChartUITests;
				PRODUCT_NAME = "$(TARGET_NAME)";
				SWIFT_VERSION = 3.0;
				TEST_TARGET_NAME = iTunesTopChart;
			};
			name = Release;
		};
/* End XCBuildConfiguration section */

/* Begin XCConfigurationList section */
		685BFD0B1E2D812E0085B610 /* Build configuration list for PBXProject "iTunesTopChart" */ = {
			isa = XCConfigurationList;
			buildConfigurations = (
				685BFD391E2D81300085B610 /* Debug */,
				685BFD3A1E2D81300085B610 /* Release */,
			);
			defaultConfigurationIsVisible = 0;
			defaultConfigurationName = Release;
		};
		685BFD3B1E2D81300085B610 /* Build configuration list for PBXNativeTarget "iTunesTopChart" */ = {
			isa = XCConfigurationList;
			buildConfigurations = (
				685BFD3C1E2D81300085B610 /* Debug */,
				685BFD3D1E2D81300085B610 /* Release */,
			);
			defaultConfigurationIsVisible = 0;
			defaultConfigurationName = Release;
		};
		685BFD3E1E2D81300085B610 /* Build configuration list for PBXNativeTarget "iTunesTopChartTests" */ = {
			isa = XCConfigurationList;
			buildConfigurations = (
				685BFD3F1E2D81300085B610 /* Debug */,
				685BFD401E2D81300085B610 /* Release */,
			);
			defaultConfigurationIsVisible = 0;
			defaultConfigurationName = Release;
		};
		685BFD411E2D81300085B610 /* Build configuration list for PBXNativeTarget "iTunesTopChartUITests" */ = {
			isa = XCConfigurationList;
			buildConfigurations = (
				685BFD421E2D81300085B610 /* Debug */,
				685BFD431E2D81300085B610 /* Release */,
			);
			defaultConfigurationIsVisible = 0;
			defaultConfigurationName = Release;
		};
/* End XCConfigurationList section */

/* Begin XCVersionGroup section */
		685BFD1A1E2D812F0085B610 /* iTunesTopChart.xcdatamodeld */ = {
			isa = XCVersionGroup;
			children = (
				685BFD1B1E2D812F0085B610 /* iTunesTopChart.xcdatamodel */,
			);
			currentVersion = 685BFD1B1E2D812F0085B610 /* iTunesTopChart.xcdatamodel */;
			path = iTunesTopChart.xcdatamodeld;
			sourceTree = "<group>";
			versionGroupType = wrapper.xcdatamodel;
		};
/* End XCVersionGroup section */
	};
	rootObject = 685BFD081E2D812E0085B610 /* Project object */;
}
